// !$*UTF8*$!
{
	archiveVersion = 1;
	classes = {
	};
	objectVersion = 50;
	objects = {

/* Begin PBXBuildFile section */
		011E844E253AFCAE00DF4469 /* AppDelegate.swift in Sources */ = {isa = PBXBuildFile; fileRef = 011E844D253AFCAE00DF4469 /* AppDelegate.swift */; };
		011E8450253AFCAE00DF4469 /* SceneDelegate.swift in Sources */ = {isa = PBXBuildFile; fileRef = 011E844F253AFCAE00DF4469 /* SceneDelegate.swift */; };
		011E8452253AFCAE00DF4469 /* ViewController.swift in Sources */ = {isa = PBXBuildFile; fileRef = 011E8451253AFCAE00DF4469 /* ViewController.swift */; };
		011E8455253AFCAE00DF4469 /* Main.storyboard in Resources */ = {isa = PBXBuildFile; fileRef = 011E8453253AFCAE00DF4469 /* Main.storyboard */; };
		011E8457253AFCAF00DF4469 /* Assets.xcassets in Resources */ = {isa = PBXBuildFile; fileRef = 011E8456253AFCAF00DF4469 /* Assets.xcassets */; };
		011E845A253AFCAF00DF4469 /* LaunchScreen.storyboard in Resources */ = {isa = PBXBuildFile; fileRef = 011E8458253AFCAF00DF4469 /* LaunchScreen.storyboard */; };
		011E8465253AFCAF00DF4469 /* XMLParseTests.swift in Sources */ = {isa = PBXBuildFile; fileRef = 011E8464253AFCAF00DF4469 /* XMLParseTests.swift */; };
		011E8470253AFCAF00DF4469 /* XMLParseUITests.swift in Sources */ = {isa = PBXBuildFile; fileRef = 011E846F253AFCAF00DF4469 /* XMLParseUITests.swift */; };
		011E8483253AFCEC00DF4469 /* Foundation.framework in Frameworks */ = {isa = PBXBuildFile; fileRef = 011E8482253AFCEC00DF4469 /* Foundation.framework */; };
/* End PBXBuildFile section */

/* Begin PBXContainerItemProxy section */
		011E8461253AFCAF00DF4469 /* PBXContainerItemProxy */ = {
			isa = PBXContainerItemProxy;
			containerPortal = 011E8442253AFCAE00DF4469 /* Project object */;
			proxyType = 1;
			remoteGlobalIDString = 011E8449253AFCAE00DF4469;
			remoteInfo = XMLParse;
		};
		011E846C253AFCAF00DF4469 /* PBXContainerItemProxy */ = {
			isa = PBXContainerItemProxy;
			containerPortal = 011E8442253AFCAE00DF4469 /* Project object */;
			proxyType = 1;
			remoteGlobalIDString = 011E8449253AFCAE00DF4469;
			remoteInfo = XMLParse;
		};
/* End PBXContainerItemProxy section */

/* Begin PBXFileReference section */
		011E844A253AFCAE00DF4469 /* XMLParse.app */ = {isa = PBXFileReference; explicitFileType = wrapper.application; includeInIndex = 0; path = XMLParse.app; sourceTree = BUILT_PRODUCTS_DIR; };
		011E844D253AFCAE00DF4469 /* AppDelegate.swift */ = {isa = PBXFileReference; lastKnownFileType = sourcecode.swift; path = AppDelegate.swift; sourceTree = "<group>"; };
		011E844F253AFCAE00DF4469 /* SceneDelegate.swift */ = {isa = PBXFileReference; lastKnownFileType = sourcecode.swift; path = SceneDelegate.swift; sourceTree = "<group>"; };
		011E8451253AFCAE00DF4469 /* ViewController.swift */ = {isa = PBXFileReference; lastKnownFileType = sourcecode.swift; path = ViewController.swift; sourceTree = "<group>"; };
		011E8454253AFCAE00DF4469 /* Base */ = {isa = PBXFileReference; lastKnownFileType = file.storyboard; name = Base; path = Base.lproj/Main.storyboard; sourceTree = "<group>"; };
		011E8456253AFCAF00DF4469 /* Assets.xcassets */ = {isa = PBXFileReference; lastKnownFileType = folder.assetcatalog; path = Assets.xcassets; sourceTree = "<group>"; };
		011E8459253AFCAF00DF4469 /* Base */ = {isa = PBXFileReference; lastKnownFileType = file.storyboard; name = Base; path = Base.lproj/LaunchScreen.storyboard; sourceTree = "<group>"; };
		011E845B253AFCAF00DF4469 /* Info.plist */ = {isa = PBXFileReference; lastKnownFileType = text.plist.xml; path = Info.plist; sourceTree = "<group>"; };
		011E8460253AFCAF00DF4469 /* XMLParseTests.xctest */ = {isa = PBXFileReference; explicitFileType = wrapper.cfbundle; includeInIndex = 0; path = XMLParseTests.xctest; sourceTree = BUILT_PRODUCTS_DIR; };
		011E8464253AFCAF00DF4469 /* XMLParseTests.swift */ = {isa = PBXFileReference; lastKnownFileType = sourcecode.swift; path = XMLParseTests.swift; sourceTree = "<group>"; };
		011E8466253AFCAF00DF4469 /* Info.plist */ = {isa = PBXFileReference; lastKnownFileType = text.plist.xml; path = Info.plist; sourceTree = "<group>"; };
		011E846B253AFCAF00DF4469 /* XMLParseUITests.xctest */ = {isa = PBXFileReference; explicitFileType = wrapper.cfbundle; includeInIndex = 0; path = XMLParseUITests.xctest; sourceTree = BUILT_PRODUCTS_DIR; };
		011E846F253AFCAF00DF4469 /* XMLParseUITests.swift */ = {isa = PBXFileReference; lastKnownFileType = sourcecode.swift; path = XMLParseUITests.swift; sourceTree = "<group>"; };
		011E8471253AFCAF00DF4469 /* Info.plist */ = {isa = PBXFileReference; lastKnownFileType = text.plist.xml; path = Info.plist; sourceTree = "<group>"; };
		011E8482253AFCEC00DF4469 /* Foundation.framework */ = {isa = PBXFileReference; lastKnownFileType = wrapper.framework; name = Foundation.framework; path = System/Library/Frameworks/Foundation.framework; sourceTree = SDKROOT; };
/* End PBXFileReference section */

/* Begin PBXFrameworksBuildPhase section */
		011E8447253AFCAE00DF4469 /* Frameworks */ = {
			isa = PBXFrameworksBuildPhase;
			buildActionMask = 2147483647;
			files = (
				011E8483253AFCEC00DF4469 /* Foundation.framework in Frameworks */,
			);
			runOnlyForDeploymentPostprocessing = 0;
		};
		011E845D253AFCAF00DF4469 /* Frameworks */ = {
			isa = PBXFrameworksBuildPhase;
			buildActionMask = 2147483647;
			files = (
			);
			runOnlyForDeploymentPostprocessing = 0;
		};
		011E8468253AFCAF00DF4469 /* Frameworks */ = {
			isa = PBXFrameworksBuildPhase;
			buildActionMask = 2147483647;
			files = (
			);
			runOnlyForDeploymentPostprocessing = 0;
		};
/* End PBXFrameworksBuildPhase section */

/* Begin PBXGroup section */
		011E8441253AFCAE00DF4469 = {
			isa = PBXGroup;
			children = (
				011E844C253AFCAE00DF4469 /* XMLParse */,
				011E8463253AFCAF00DF4469 /* XMLParseTests */,
				011E846E253AFCAF00DF4469 /* XMLParseUITests */,
				011E844B253AFCAE00DF4469 /* Products */,
				011E8481253AFCEC00DF4469 /* Frameworks */,
			);
			sourceTree = "<group>";
		};
		011E844B253AFCAE00DF4469 /* Products */ = {
			isa = PBXGroup;
			children = (
				011E844A253AFCAE00DF4469 /* XMLParse.app */,
				011E8460253AFCAF00DF4469 /* XMLParseTests.xctest */,
				011E846B253AFCAF00DF4469 /* XMLParseUITests.xctest */,
			);
			name = Products;
			sourceTree = "<group>";
		};
		011E844C253AFCAE00DF4469 /* XMLParse */ = {
			isa = PBXGroup;
			children = (
				011E844D253AFCAE00DF4469 /* AppDelegate.swift */,
				011E844F253AFCAE00DF4469 /* SceneDelegate.swift */,
				011E8451253AFCAE00DF4469 /* ViewController.swift */,
				011E8453253AFCAE00DF4469 /* Main.storyboard */,
				011E8456253AFCAF00DF4469 /* Assets.xcassets */,
				011E8458253AFCAF00DF4469 /* LaunchScreen.storyboard */,
				011E845B253AFCAF00DF4469 /* Info.plist */,
			);
			path = XMLParse;
			sourceTree = "<group>";
		};
		011E8463253AFCAF00DF4469 /* XMLParseTests */ = {
			isa = PBXGroup;
			children = (
				011E8464253AFCAF00DF4469 /* XMLParseTests.swift */,
				011E8466253AFCAF00DF4469 /* Info.plist */,
			);
			path = XMLParseTests;
			sourceTree = "<group>";
		};
		011E846E253AFCAF00DF4469 /* XMLParseUITests */ = {
			isa = PBXGroup;
			children = (
				011E846F253AFCAF00DF4469 /* XMLParseUITests.swift */,
				011E8471253AFCAF00DF4469 /* Info.plist */,
			);
			path = XMLParseUITests;
			sourceTree = "<group>";
		};
		011E8481253AFCEC00DF4469 /* Frameworks */ = {
			isa = PBXGroup;
			children = (
				011E8482253AFCEC00DF4469 /* Foundation.framework */,
			);
			name = Frameworks;
			sourceTree = "<group>";
		};
/* End PBXGroup section */

/* Begin PBXNativeTarget section */
		011E8449253AFCAE00DF4469 /* XMLParse */ = {
			isa = PBXNativeTarget;
			buildConfigurationList = 011E8474253AFCAF00DF4469 /* Build configuration list for PBXNativeTarget "XMLParse" */;
			buildPhases = (
				011E8446253AFCAE00DF4469 /* Sources */,
				011E8447253AFCAE00DF4469 /* Frameworks */,
				011E8448253AFCAE00DF4469 /* Resources */,
			);
			buildRules = (
			);
			dependencies = (
			);
			name = XMLParse;
			productName = XMLParse;
			productReference = 011E844A253AFCAE00DF4469 /* XMLParse.app */;
			productType = "com.apple.product-type.application";
		};
		011E845F253AFCAF00DF4469 /* XMLParseTests */ = {
			isa = PBXNativeTarget;
			buildConfigurationList = 011E8477253AFCAF00DF4469 /* Build configuration list for PBXNativeTarget "XMLParseTests" */;
			buildPhases = (
				011E845C253AFCAF00DF4469 /* Sources */,
				011E845D253AFCAF00DF4469 /* Frameworks */,
				011E845E253AFCAF00DF4469 /* Resources */,
			);
			buildRules = (
			);
			dependencies = (
				011E8462253AFCAF00DF4469 /* PBXTargetDependency */,
			);
			name = XMLParseTests;
			productName = XMLParseTests;
			productReference = 011E8460253AFCAF00DF4469 /* XMLParseTests.xctest */;
			productType = "com.apple.product-type.bundle.unit-test";
		};
		011E846A253AFCAF00DF4469 /* XMLParseUITests */ = {
			isa = PBXNativeTarget;
			buildConfigurationList = 011E847A253AFCAF00DF4469 /* Build configuration list for PBXNativeTarget "XMLParseUITests" */;
			buildPhases = (
				011E8467253AFCAF00DF4469 /* Sources */,
				011E8468253AFCAF00DF4469 /* Frameworks */,
				011E8469253AFCAF00DF4469 /* Resources */,
			);
			buildRules = (
			);
			dependencies = (
				011E846D253AFCAF00DF4469 /* PBXTargetDependency */,
			);
			name = XMLParseUITests;
			productName = XMLParseUITests;
			productReference = 011E846B253AFCAF00DF4469 /* XMLParseUITests.xctest */;
			productType = "com.apple.product-type.bundle.ui-testing";
		};
/* End PBXNativeTarget section */

/* Begin PBXProject section */
		011E8442253AFCAE00DF4469 /* Project object */ = {
			isa = PBXProject;
			attributes = {
				LastSwiftUpdateCheck = 1200;
				LastUpgradeCheck = 1200;
				TargetAttributes = {
					011E8449253AFCAE00DF4469 = {
						CreatedOnToolsVersion = 12.0.1;
					};
					011E845F253AFCAF00DF4469 = {
						CreatedOnToolsVersion = 12.0.1;
						TestTargetID = 011E8449253AFCAE00DF4469;
					};
					011E846A253AFCAF00DF4469 = {
						CreatedOnToolsVersion = 12.0.1;
						TestTargetID = 011E8449253AFCAE00DF4469;
					};
				};
			};
			buildConfigurationList = 011E8445253AFCAE00DF4469 /* Build configuration list for PBXProject "XMLParse" */;
			compatibilityVersion = "Xcode 9.3";
			developmentRegion = en;
			hasScannedForEncodings = 0;
			knownRegions = (
				en,
				Base,
			);
			mainGroup = 011E8441253AFCAE00DF4469;
			productRefGroup = 011E844B253AFCAE00DF4469 /* Products */;
			projectDirPath = "";
			projectRoot = "";
			targets = (
				011E8449253AFCAE00DF4469 /* XMLParse */,
				011E845F253AFCAF00DF4469 /* XMLParseTests */,
				011E846A253AFCAF00DF4469 /* XMLParseUITests */,
			);
		};
/* End PBXProject section */

/* Begin PBXResourcesBuildPhase section */
		011E8448253AFCAE00DF4469 /* Resources */ = {
			isa = PBXResourcesBuildPhase;
			buildActionMask = 2147483647;
			files = (
				011E845A253AFCAF00DF4469 /* LaunchScreen.storyboard in Resources */,
				011E8457253AFCAF00DF4469 /* Assets.xcassets in Resources */,
				011E8455253AFCAE00DF4469 /* Main.storyboard in Resources */,
			);
			runOnlyForDeploymentPostprocessing = 0;
		};
		011E845E253AFCAF00DF4469 /* Resources */ = {
			isa = PBXResourcesBuildPhase;
			buildActionMask = 2147483647;
			files = (
			);
			runOnlyForDeploymentPostprocessing = 0;
		};
		011E8469253AFCAF00DF4469 /* Resources */ = {
			isa = PBXResourcesBuildPhase;
			buildActionMask = 2147483647;
			files = (
			);
			runOnlyForDeploymentPostprocessing = 0;
		};
/* End PBXResourcesBuildPhase section */

/* Begin PBXSourcesBuildPhase section */
		011E8446253AFCAE00DF4469 /* Sources */ = {
			isa = PBXSourcesBuildPhase;
			buildActionMask = 2147483647;
			files = (
				011E8452253AFCAE00DF4469 /* ViewController.swift in Sources */,
				011E844E253AFCAE00DF4469 /* AppDelegate.swift in Sources */,
				011E8450253AFCAE00DF4469 /* SceneDelegate.swift in Sources */,
			);
			runOnlyForDeploymentPostprocessing = 0;
		};
		011E845C253AFCAF00DF4469 /* Sources */ = {
			isa = PBXSourcesBuildPhase;
			buildActionMask = 2147483647;
			files = (
				011E8465253AFCAF00DF4469 /* XMLParseTests.swift in Sources */,
			);
			runOnlyForDeploymentPostprocessing = 0;
		};
		011E8467253AFCAF00DF4469 /* Sources */ = {
			isa = PBXSourcesBuildPhase;
			buildActionMask = 2147483647;
			files = (
				011E8470253AFCAF00DF4469 /* XMLParseUITests.swift in Sources */,
			);
			runOnlyForDeploymentPostprocessing = 0;
		};
/* End PBXSourcesBuildPhase section */

/* Begin PBXTargetDependency section */
		011E8462253AFCAF00DF4469 /* PBXTargetDependency */ = {
			isa = PBXTargetDependency;
			target = 011E8449253AFCAE00DF4469 /* XMLParse */;
			targetProxy = 011E8461253AFCAF00DF4469 /* PBXContainerItemProxy */;
		};
		011E846D253AFCAF00DF4469 /* PBXTargetDependency */ = {
			isa = PBXTargetDependency;
			target = 011E8449253AFCAE00DF4469 /* XMLParse */;
			targetProxy = 011E846C253AFCAF00DF4469 /* PBXContainerItemProxy */;
		};
/* End PBXTargetDependency section */

/* Begin PBXVariantGroup section */
		011E8453253AFCAE00DF4469 /* Main.storyboard */ = {
			isa = PBXVariantGroup;
			children = (
				011E8454253AFCAE00DF4469 /* Base */,
			);
			name = Main.storyboard;
			sourceTree = "<group>";
		};
		011E8458253AFCAF00DF4469 /* LaunchScreen.storyboard */ = {
			isa = PBXVariantGroup;
			children = (
				011E8459253AFCAF00DF4469 /* Base */,
			);
			name = LaunchScreen.storyboard;
			sourceTree = "<group>";
		};
/* End PBXVariantGroup section */

/* Begin XCBuildConfiguration section */
		011E8472253AFCAF00DF4469 /* Debug */ = {
			isa = XCBuildConfiguration;
			buildSettings = {
				ALWAYS_SEARCH_USER_PATHS = NO;
				CLANG_ANALYZER_NONNULL = YES;
				CLANG_ANALYZER_NUMBER_OBJECT_CONVERSION = YES_AGGRESSIVE;
				CLANG_CXX_LANGUAGE_STANDARD = "gnu++14";
				CLANG_CXX_LIBRARY = "libc++";
				CLANG_ENABLE_MODULES = YES;
				CLANG_ENABLE_OBJC_ARC = YES;
				CLANG_ENABLE_OBJC_WEAK = YES;
				CLANG_WARN_BLOCK_CAPTURE_AUTORELEASING = YES;
				CLANG_WARN_BOOL_CONVERSION = YES;
				CLANG_WARN_COMMA = YES;
				CLANG_WARN_CONSTANT_CONVERSION = YES;
				CLANG_WARN_DEPRECATED_OBJC_IMPLEMENTATIONS = YES;
				CLANG_WARN_DIRECT_OBJC_ISA_USAGE = YES_ERROR;
				CLANG_WARN_DOCUMENTATION_COMMENTS = YES;
				CLANG_WARN_EMPTY_BODY = YES;
				CLANG_WARN_ENUM_CONVERSION = YES;
				CLANG_WARN_INFINITE_RECURSION = YES;
				CLANG_WARN_INT_CONVERSION = YES;
				CLANG_WARN_NON_LITERAL_NULL_CONVERSION = YES;
				CLANG_WARN_OBJC_IMPLICIT_RETAIN_SELF = YES;
				CLANG_WARN_OBJC_LITERAL_CONVERSION = YES;
				CLANG_WARN_OBJC_ROOT_CLASS = YES_ERROR;
				CLANG_WARN_QUOTED_INCLUDE_IN_FRAMEWORK_HEADER = YES;
				CLANG_WARN_RANGE_LOOP_ANALYSIS = YES;
				CLANG_WARN_STRICT_PROTOTYPES = YES;
				CLANG_WARN_SUSPICIOUS_MOVE = YES;
				CLANG_WARN_UNGUARDED_AVAILABILITY = YES_AGGRESSIVE;
				CLANG_WARN_UNREACHABLE_CODE = YES;
				CLANG_WARN__DUPLICATE_METHOD_MATCH = YES;
				COPY_PHASE_STRIP = NO;
				DEBUG_INFORMATION_FORMAT = dwarf;
				ENABLE_STRICT_OBJC_MSGSEND = YES;
				ENABLE_TESTABILITY = YES;
				GCC_C_LANGUAGE_STANDARD = gnu11;
				GCC_DYNAMIC_NO_PIC = NO;
				GCC_NO_COMMON_BLOCKS = YES;
				GCC_OPTIMIZATION_LEVEL = 0;
				GCC_PREPROCESSOR_DEFINITIONS = (
					"DEBUG=1",
					"$(inherited)",
				);
				GCC_WARN_64_TO_32_BIT_CONVERSION = YES;
				GCC_WARN_ABOUT_RETURN_TYPE = YES_ERROR;
				GCC_WARN_UNDECLARED_SELECTOR = YES;
				GCC_WARN_UNINITIALIZED_AUTOS = YES_AGGRESSIVE;
				GCC_WARN_UNUSED_FUNCTION = YES;
				GCC_WARN_UNUSED_VARIABLE = YES;
				IPHONEOS_DEPLOYMENT_TARGET = 14.0;
				MTL_ENABLE_DEBUG_INFO = INCLUDE_SOURCE;
				MTL_FAST_MATH = YES;
				ONLY_ACTIVE_ARCH = YES;
				SDKROOT = iphoneos;
				SWIFT_ACTIVE_COMPILATION_CONDITIONS = DEBUG;
				SWIFT_OPTIMIZATION_LEVEL = "-Onone";
			};
			name = Debug;
		};
		011E8473253AFCAF00DF4469 /* Release */ = {
			isa = XCBuildConfiguration;
			buildSettings = {
				ALWAYS_SEARCH_USER_PATHS = NO;
				CLANG_ANALYZER_NONNULL = YES;
				CLANG_ANALYZER_NUMBER_OBJECT_CONVERSION = YES_AGGRESSIVE;
				CLANG_CXX_LANGUAGE_STANDARD = "gnu++14";
				CLANG_CXX_LIBRARY = "libc++";
				CLANG_ENABLE_MODULES = YES;
				CLANG_ENABLE_OBJC_ARC = YES;
				CLANG_ENABLE_OBJC_WEAK = YES;
				CLANG_WARN_BLOCK_CAPTURE_AUTORELEASING = YES;
				CLANG_WARN_BOOL_CONVERSION = YES;
				CLANG_WARN_COMMA = YES;
				CLANG_WARN_CONSTANT_CONVERSION = YES;
				CLANG_WARN_DEPRECATED_OBJC_IMPLEMENTATIONS = YES;
				CLANG_WARN_DIRECT_OBJC_ISA_USAGE = YES_ERROR;
				CLANG_WARN_DOCUMENTATION_COMMENTS = YES;
				CLANG_WARN_EMPTY_BODY = YES;
				CLANG_WARN_ENUM_CONVERSION = YES;
				CLANG_WARN_INFINITE_RECURSION = YES;
				CLANG_WARN_INT_CONVERSION = YES;
				CLANG_WARN_NON_LITERAL_NULL_CONVERSION = YES;
				CLANG_WARN_OBJC_IMPLICIT_RETAIN_SELF = YES;
				CLANG_WARN_OBJC_LITERAL_CONVERSION = YES;
				CLANG_WARN_OBJC_ROOT_CLASS = YES_ERROR;
				CLANG_WARN_QUOTED_INCLUDE_IN_FRAMEWORK_HEADER = YES;
				CLANG_WARN_RANGE_LOOP_ANALYSIS = YES;
				CLANG_WARN_STRICT_PROTOTYPES = YES;
				CLANG_WARN_SUSPICIOUS_MOVE = YES;
				CLANG_WARN_UNGUARDED_AVAILABILITY = YES_AGGRESSIVE;
				CLANG_WARN_UNREACHABLE_CODE = YES;
				CLANG_WARN__DUPLICATE_METHOD_MATCH = YES;
				COPY_PHASE_STRIP = NO;
				DEBUG_INFORMATION_FORMAT = "dwarf-with-dsym";
				ENABLE_NS_ASSERTIONS = NO;
				ENABLE_STRICT_OBJC_MSGSEND = YES;
				GCC_C_LANGUAGE_STANDARD = gnu11;
				GCC_NO_COMMON_BLOCKS = YES;
				GCC_WARN_64_TO_32_BIT_CONVERSION = YES;
				GCC_WARN_ABOUT_RETURN_TYPE = YES_ERROR;
				GCC_WARN_UNDECLARED_SELECTOR = YES;
				GCC_WARN_UNINITIALIZED_AUTOS = YES_AGGRESSIVE;
				GCC_WARN_UNUSED_FUNCTION = YES;
				GCC_WARN_UNUSED_VARIABLE = YES;
				IPHONEOS_DEPLOYMENT_TARGET = 14.0;
				MTL_ENABLE_DEBUG_INFO = NO;
				MTL_FAST_MATH = YES;
				SDKROOT = iphoneos;
				SWIFT_COMPILATION_MODE = wholemodule;
				SWIFT_OPTIMIZATION_LEVEL = "-O";
				VALIDATE_PRODUCT = YES;
			};
			name = Release;
		};
		011E8475253AFCAF00DF4469 /* Debug */ = {
			isa = XCBuildConfiguration;
			buildSettings = {
				ASSETCATALOG_COMPILER_APPICON_NAME = AppIcon;
				ASSETCATALOG_COMPILER_GLOBAL_ACCENT_COLOR_NAME = AccentColor;
				CODE_SIGN_STYLE = Automatic;
				DEVELOPMENT_TEAM = X82P4B6P9W;
				INFOPLIST_FILE = XMLParse/Info.plist;
				LD_RUNPATH_SEARCH_PATHS = (
					"$(inherited)",
					"@executable_path/Frameworks",
				);
				PRODUCT_BUNDLE_IDENTIFIER = com.bc.XMLParse;
				PRODUCT_NAME = "$(TARGET_NAME)";
				SWIFT_VERSION = 5.0;
				TARGETED_DEVICE_FAMILY = "1,2";
			};
			name = Debug;
		};
		011E8476253AFCAF00DF4469 /* Release */ = {
			isa = XCBuildConfiguration;
			buildSettings = {
				ASSETCATALOG_COMPILER_APPICON_NAME = AppIcon;
				ASSETCATALOG_COMPILER_GLOBAL_ACCENT_COLOR_NAME = AccentColor;
				CODE_SIGN_STYLE = Automatic;
				DEVELOPMENT_TEAM = X82P4B6P9W;
				INFOPLIST_FILE = XMLParse/Info.plist;
				LD_RUNPATH_SEARCH_PATHS = (
					"$(inherited)",
					"@executable_path/Frameworks",
				);
				PRODUCT_BUNDLE_IDENTIFIER = com.bc.XMLParse;
				PRODUCT_NAME = "$(TARGET_NAME)";
				SWIFT_VERSION = 5.0;
				TARGETED_DEVICE_FAMILY = "1,2";
			};
			name = Release;
		};
		011E8478253AFCAF00DF4469 /* Debug */ = {
			isa = XCBuildConfiguration;
			buildSettings = {
				ALWAYS_EMBED_SWIFT_STANDARD_LIBRARIES = YES;
				BUNDLE_LOADER = "$(TEST_HOST)";
				CODE_SIGN_STYLE = Automatic;
				DEVELOPMENT_TEAM = X82P4B6P9W;
				INFOPLIST_FILE = XMLParseTests/Info.plist;
				IPHONEOS_DEPLOYMENT_TARGET = 14.0;
				LD_RUNPATH_SEARCH_PATHS = (
					"$(inherited)",
					"@executable_path/Frameworks",
					"@loader_path/Frameworks",
				);
				PRODUCT_BUNDLE_IDENTIFIER = com.bc.XMLParseTests;
				PRODUCT_NAME = "$(TARGET_NAME)";
				SWIFT_VERSION = 5.0;
				TARGETED_DEVICE_FAMILY = "1,2";
				TEST_HOST = "$(BUILT_PRODUCTS_DIR)/XMLParse.app/XMLParse";
			};
			name = Debug;
		};
		011E8479253AFCAF00DF4469 /* Release */ = {
			isa = XCBuildConfiguration;
			buildSettings = {
				ALWAYS_EMBED_SWIFT_STANDARD_LIBRARIES = YES;
				BUNDLE_LOADER = "$(TEST_HOST)";
				CODE_SIGN_STYLE = Automatic;
				DEVELOPMENT_TEAM = X82P4B6P9W;
				INFOPLIST_FILE = XMLParseTests/Info.plist;
				IPHONEOS_DEPLOYMENT_TARGET = 14.0;
				LD_RUNPATH_SEARCH_PATHS = (
					"$(inherited)",
					"@executable_path/Frameworks",
					"@loader_path/Frameworks",
				);
				PRODUCT_BUNDLE_IDENTIFIER = com.bc.XMLParseTests;
				PRODUCT_NAME = "$(TARGET_NAME)";
				SWIFT_VERSION = 5.0;
				TARGETED_DEVICE_FAMILY = "1,2";
				TEST_HOST = "$(BUILT_PRODUCTS_DIR)/XMLParse.app/XMLParse";
			};
			name = Release;
		};
		011E847B253AFCAF00DF4469 /* Debug */ = {
			isa = XCBuildConfiguration;
			buildSettings = {
				ALWAYS_EMBED_SWIFT_STANDARD_LIBRARIES = YES;
				CODE_SIGN_STYLE = Automatic;
				DEVELOPMENT_TEAM = X82P4B6P9W;
				INFOPLIST_FILE = XMLParseUITests/Info.plist;
				LD_RUNPATH_SEARCH_PATHS = (
					"$(inherited)",
					"@executable_path/Frameworks",
					"@loader_path/Frameworks",
				);
				PRODUCT_BUNDLE_IDENTIFIER = com.bc.XMLParseUITests;
				PRODUCT_NAME = "$(TARGET_NAME)";
				SWIFT_VERSION = 5.0;
				TARGETED_DEVICE_FAMILY = "1,2";
				TEST_TARGET_NAME = XMLParse;
			};
			name = Debug;
		};
		011E847C253AFCAF00DF4469 /* Release */ = {
			isa = XCBuildConfiguration;
			buildSettings = {
				ALWAYS_EMBED_SWIFT_STANDARD_LIBRARIES = YES;
				CODE_SIGN_STYLE = Automatic;
				DEVELOPMENT_TEAM = X82P4B6P9W;
				INFOPLIST_FILE = XMLParseUITests/Info.plist;
				LD_RUNPATH_SEARCH_PATHS = (
					"$(inherited)",
					"@executable_path/Frameworks",
					"@loader_path/Frameworks",
				);
				PRODUCT_BUNDLE_IDENTIFIER = com.bc.XMLParseUITests;
				PRODUCT_NAME = "$(TARGET_NAME)";
				SWIFT_VERSION = 5.0;
				TARGETED_DEVICE_FAMILY = "1,2";
				TEST_TARGET_NAME = XMLParse;
			};
			name = Release;
		};
/* End XCBuildConfiguration section */

/* Begin XCConfigurationList section */
		011E8445253AFCAE00DF4469 /* Build configuration list for PBXProject "XMLParse" */ = {
			isa = XCConfigurationList;
			buildConfigurations = (
				011E8472253AFCAF00DF4469 /* Debug */,
				011E8473253AFCAF00DF4469 /* Release */,
			);
			defaultConfigurationIsVisible = 0;
			defaultConfigurationName = Release;
		};
		011E8474253AFCAF00DF4469 /* Build configuration list for PBXNativeTarget "XMLParse" */ = {
			isa = XCConfigurationList;
			buildConfigurations = (
				011E8475253AFCAF00DF4469 /* Debug */,
				011E8476253AFCAF00DF4469 /* Release */,
			);
			defaultConfigurationIsVisible = 0;
			defaultConfigurationName = Release;
		};
		011E8477253AFCAF00DF4469 /* Build configuration list for PBXNativeTarget "XMLParseTests" */ = {
			isa = XCConfigurationList;
			buildConfigurations = (
				011E8478253AFCAF00DF4469 /* Debug */,
				011E8479253AFCAF00DF4469 /* Release */,
			);
			defaultConfigurationIsVisible = 0;
			defaultConfigurationName = Release;
		};
		011E847A253AFCAF00DF4469 /* Build configuration list for PBXNativeTarget "XMLParseUITests" */ = {
			isa = XCConfigurationList;
			buildConfigurations = (
				011E847B253AFCAF00DF4469 /* Debug */,
				011E847C253AFCAF00DF4469 /* Release */,
			);
			defaultConfigurationIsVisible = 0;
			defaultConfigurationName = Release;
		};
/* End XCConfigurationList section */
	};
	rootObject = 011E8442253AFCAE00DF4469 /* Project object */;
}
